
Microsoft Visual Studio Solution File, Format Version 12.00
# Visual Studio 15
Project("{FAE04EC0-301F-11D3-BF4B-00C04F79EFBC}") = "Assembly-CSharp", "Assembly-CSharp.csproj", "{B617AC68-3AD3-001C-33AE-6BE6309E499A}"
EndProject
Global
	GlobalSection(SolutionConfigurationPlatforms) = preSolution
		Debug|Any CPU = Debug|Any CPU
		Release|Any CPU = Release|Any CPU
	EndGlobalSection
	GlobalSection(ProjectConfigurationPlatforms) = postSolution
		{B617AC68-3AD3-001C-33AE-6BE6309E499A}.Debug|Any CPU.ActiveCfg = Debug|Any CPU
		{B617AC68-3AD3-001C-33AE-6BE6309E499A}.Debug|Any CPU.Build.0 = Debug|Any CPU
		{B617AC68-3AD3-001C-33AE-6BE6309E499A}.Release|Any CPU.ActiveCfg = Release|Any CPU
		{B617AC68-3AD3-001C-33AE-6BE6309E499A}.Release|Any CPU.Build.0 = Release|Any CPU
	EndGlobalSection
	GlobalSection(SolutionProperties) = preSolution
		HideSolutionNode = FALSE
	EndGlobalSection
EndGlobal
